
Microsoft Visual Studio Solution File, Format Version 12.00
# Visual Studio Version 17
VisualStudioVersion = 17.1.32421.90
MinimumVisualStudioVersion = 10.0.40219.1
Project("{FAE04EC0-301F-11D3-BF4B-00C04F79EFBC}") = "WinPurge", "WinPurge.csproj", "{EAC905BC-CD5D-43FD-8404-1768868E62A6}"
EndProject
Global
	GlobalSection(SolutionConfigurationPlatforms) = preSolution
		Debug|Any CPU = Debug|Any CPU
		Release|Any CPU = Release|Any CPU
	EndGlobalSection
	GlobalSection(ProjectConfigurationPlatforms) = postSolution
		{EAC905BC-CD5D-43FD-8404-1768868E62A6}.Debug|Any CPU.ActiveCfg = Debug|Any CPU
		{EAC905BC-CD5D-43FD-8404-1768868E62A6}.Debug|Any CPU.Build.0 = Debug|Any CPU
		{EAC905BC-CD5D-43FD-8404-1768868E62A6}.Release|Any CPU.ActiveCfg = Release|Any CPU
		{EAC905BC-CD5D-43FD-8404-1768868E62A6}.Release|Any CPU.Build.0 = Release|Any CPU
	EndGlobalSection
	GlobalSection(SolutionProperties) = preSolution
		HideSolutionNode = FALSE
	EndGlobalSection
	GlobalSection(ExtensibilityGlobals) = postSolution
		SolutionGuid = {762246D4-1661-41BA-8F8E-D6C13956893E}
	EndGlobalSection
EndGlobal
